
Microsoft Visual Studio Solution File, Format Version 12.00
# Visual Studio Version 17
VisualStudioVersion = 17.14.37502.11 d17.14
MinimumVisualStudioVersion = 10.0.40219.1
Project("{FAE04EC0-301F-11D3-BF4B-00C04F79EFBC}") = "Pruebas", "Pruebas.csproj", "{D6AB2D98-66E4-4372-B754-75A592B90A88}"
EndProject
Global
	GlobalSection(SolutionConfigurationPlatforms) = preSolution
		Debug|Any CPU = Debug|Any CPU
		Release|Any CPU = Release|Any CPU
	EndGlobalSection
	GlobalSection(ProjectConfigurationPlatforms) = postSolution
		{D6AB2D98-66E4-4372-B754-75A592B90A88}.Debug|Any CPU.ActiveCfg = Debug|Any CPU
		{D6AB2D98-66E4-4372-B754-75A592B90A88}.Debug|Any CPU.Build.0 = Debug|Any CPU
		{D6AB2D98-66E4-4372-B754-75A592B90A88}.Release|Any CPU.ActiveCfg = Release|Any CPU
		{D6AB2D98-66E4-4372-B754-75A592B90A88}.Release|Any CPU.Build.0 = Release|Any CPU
	EndGlobalSection
	GlobalSection(SolutionProperties) = preSolution
		HideSolutionNode = FALSE
	EndGlobalSection
	GlobalSection(ExtensibilityGlobals) = postSolution
		SolutionGuid = {05165918-267C-467C-84C4-7E21F047D355}
	EndGlobalSection
EndGlobal
